// !$*UTF8*$!
{
	archiveVersion = 1;
	classes = {
	};
	objectVersion = 51;
	objects = {

/* Begin PBXBuildFile section */
		69CA06DEB9BB846AB2C56563 /* Pods_ModularizationStudyTests.framework in Frameworks */ = {isa = PBXBuildFile; fileRef = AE5FF06833945CFBD9F05328 /* Pods_ModularizationStudyTests.framework */; };
		823AB09B1E0D2160582BD0E5 /* Pods_ModularizationStudy_ModularizationStudyUITests.framework in Frameworks */ = {isa = PBXBuildFile; fileRef = 29C54BB59452494618FD85DB /* Pods_ModularizationStudy_ModularizationStudyUITests.framework */; };
		C4CDE98926A9A8A700CE9CEC /* AppDelegate.swift in Sources */ = {isa = PBXBuildFile; fileRef = C4CDE98826A9A8A700CE9CEC /* AppDelegate.swift */; };
		C4CDE98D26A9A8A700CE9CEC /* ViewController.swift in Sources */ = {isa = PBXBuildFile; fileRef = C4CDE98C26A9A8A700CE9CEC /* ViewController.swift */; };
		C4CDE99226A9A8AA00CE9CEC /* Assets.xcassets in Resources */ = {isa = PBXBuildFile; fileRef = C4CDE99126A9A8AA00CE9CEC /* Assets.xcassets */; };
		C4CDE99526A9A8AA00CE9CEC /* LaunchScreen.storyboard in Resources */ = {isa = PBXBuildFile; fileRef = C4CDE99326A9A8AA00CE9CEC /* LaunchScreen.storyboard */; };
		C4CDE9A026A9A8AA00CE9CEC /* ModularizationStudyTests.swift in Sources */ = {isa = PBXBuildFile; fileRef = C4CDE99F26A9A8AA00CE9CEC /* ModularizationStudyTests.swift */; };
		C4CDE9AB26A9A8AB00CE9CEC /* ModularizationStudyUITests.swift in Sources */ = {isa = PBXBuildFile; fileRef = C4CDE9AA26A9A8AA00CE9CEC /* ModularizationStudyUITests.swift */; };
		E559C91CF9152B9760FAD4F6 /* Pods_ModularizationStudy.framework in Frameworks */ = {isa = PBXBuildFile; fileRef = 103CB5C076462E95F6747817 /* Pods_ModularizationStudy.framework */; };
/* End PBXBuildFile section */

/* Begin PBXContainerItemProxy section */
		C4CDE99C26A9A8AA00CE9CEC /* PBXContainerItemProxy */ = {
			isa = PBXContainerItemProxy;
			containerPortal = C4CDE97D26A9A8A700CE9CEC /* Project object */;
			proxyType = 1;
			remoteGlobalIDString = C4CDE98426A9A8A700CE9CEC;
			remoteInfo = ModularizationStudy;
		};
		C4CDE9A726A9A8AA00CE9CEC /* PBXContainerItemProxy */ = {
			isa = PBXContainerItemProxy;
			containerPortal = C4CDE97D26A9A8A700CE9CEC /* Project object */;
			proxyType = 1;
			remoteGlobalIDString = C4CDE98426A9A8A700CE9CEC;
			remoteInfo = ModularizationStudy;
		};
/* End PBXContainerItemProxy section */

/* Begin PBXFileReference section */
		103CB5C076462E95F6747817 /* Pods_ModularizationStudy.framework */ = {isa = PBXFileReference; explicitFileType = wrapper.framework; includeInIndex = 0; path = Pods_ModularizationStudy.framework; sourceTree = BUILT_PRODUCTS_DIR; };
		1EBD390F2AA8AF3EAF9014BE /* Pods-ModularizationStudy-ModularizationStudyUITests.release.xcconfig */ = {isa = PBXFileReference; includeInIndex = 1; lastKnownFileType = text.xcconfig; name = "Pods-ModularizationStudy-ModularizationStudyUITests.release.xcconfig"; path = "Target Support Files/Pods-ModularizationStudy-ModularizationStudyUITests/Pods-ModularizationStudy-ModularizationStudyUITests.release.xcconfig"; sourceTree = "<group>"; };
		29C54BB59452494618FD85DB /* Pods_ModularizationStudy_ModularizationStudyUITests.framework */ = {isa = PBXFileReference; explicitFileType = wrapper.framework; includeInIndex = 0; path = Pods_ModularizationStudy_ModularizationStudyUITests.framework; sourceTree = BUILT_PRODUCTS_DIR; };
		2B5100BCDE26F88C737A6DA7 /* Pods-ModularizationStudyTests.debug.xcconfig */ = {isa = PBXFileReference; includeInIndex = 1; lastKnownFileType = text.xcconfig; name = "Pods-ModularizationStudyTests.debug.xcconfig"; path = "Target Support Files/Pods-ModularizationStudyTests/Pods-ModularizationStudyTests.debug.xcconfig"; sourceTree = "<group>"; };
		4B7CD99C2F7E1009B8AC36ED /* Pods-ModularizationStudy.debug.xcconfig */ = {isa = PBXFileReference; includeInIndex = 1; lastKnownFileType = text.xcconfig; name = "Pods-ModularizationStudy.debug.xcconfig"; path = "Target Support Files/Pods-ModularizationStudy/Pods-ModularizationStudy.debug.xcconfig"; sourceTree = "<group>"; };
		94DC6F94C1E512F949C45225 /* Pods-ModularizationStudy.release.xcconfig */ = {isa = PBXFileReference; includeInIndex = 1; lastKnownFileType = text.xcconfig; name = "Pods-ModularizationStudy.release.xcconfig"; path = "Target Support Files/Pods-ModularizationStudy/Pods-ModularizationStudy.release.xcconfig"; sourceTree = "<group>"; };
		A7DE00000CE6C0AE4517E41C /* Pods-ModularizationStudyTests.release.xcconfig */ = {isa = PBXFileReference; includeInIndex = 1; lastKnownFileType = text.xcconfig; name = "Pods-ModularizationStudyTests.release.xcconfig"; path = "Target Support Files/Pods-ModularizationStudyTests/Pods-ModularizationStudyTests.release.xcconfig"; sourceTree = "<group>"; };
		AE5FF06833945CFBD9F05328 /* Pods_ModularizationStudyTests.framework */ = {isa = PBXFileReference; explicitFileType = wrapper.framework; includeInIndex = 0; path = Pods_ModularizationStudyTests.framework; sourceTree = BUILT_PRODUCTS_DIR; };
		B8C483DBA70DDC8453606708 /* Pods-ModularizationStudy-ModularizationStudyUITests.debug.xcconfig */ = {isa = PBXFileReference; includeInIndex = 1; lastKnownFileType = text.xcconfig; name = "Pods-ModularizationStudy-ModularizationStudyUITests.debug.xcconfig"; path = "Target Support Files/Pods-ModularizationStudy-ModularizationStudyUITests/Pods-ModularizationStudy-ModularizationStudyUITests.debug.xcconfig"; sourceTree = "<group>"; };
		C4CDE98526A9A8A700CE9CEC /* ModularizationStudy.app */ = {isa = PBXFileReference; explicitFileType = wrapper.application; includeInIndex = 0; path = ModularizationStudy.app; sourceTree = BUILT_PRODUCTS_DIR; };
		C4CDE98826A9A8A700CE9CEC /* AppDelegate.swift */ = {isa = PBXFileReference; lastKnownFileType = sourcecode.swift; path = AppDelegate.swift; sourceTree = "<group>"; };
		C4CDE98C26A9A8A700CE9CEC /* ViewController.swift */ = {isa = PBXFileReference; lastKnownFileType = sourcecode.swift; path = ViewController.swift; sourceTree = "<group>"; };
		C4CDE99126A9A8AA00CE9CEC /* Assets.xcassets */ = {isa = PBXFileReference; lastKnownFileType = folder.assetcatalog; path = Assets.xcassets; sourceTree = "<group>"; };
		C4CDE99426A9A8AA00CE9CEC /* Base */ = {isa = PBXFileReference; lastKnownFileType = file.storyboard; name = Base; path = Base.lproj/LaunchScreen.storyboard; sourceTree = "<group>"; };
		C4CDE99626A9A8AA00CE9CEC /* Info.plist */ = {isa = PBXFileReference; lastKnownFileType = text.plist.xml; path = Info.plist; sourceTree = "<group>"; };
		C4CDE99B26A9A8AA00CE9CEC /* ModularizationStudyTests.xctest */ = {isa = PBXFileReference; explicitFileType = wrapper.cfbundle; includeInIndex = 0; path = ModularizationStudyTests.xctest; sourceTree = BUILT_PRODUCTS_DIR; };
		C4CDE99F26A9A8AA00CE9CEC /* ModularizationStudyTests.swift */ = {isa = PBXFileReference; lastKnownFileType = sourcecode.swift; path = ModularizationStudyTests.swift; sourceTree = "<group>"; };
		C4CDE9A126A9A8AA00CE9CEC /* Info.plist */ = {isa = PBXFileReference; lastKnownFileType = text.plist.xml; path = Info.plist; sourceTree = "<group>"; };
		C4CDE9A626A9A8AA00CE9CEC /* ModularizationStudyUITests.xctest */ = {isa = PBXFileReference; explicitFileType = wrapper.cfbundle; includeInIndex = 0; path = ModularizationStudyUITests.xctest; sourceTree = BUILT_PRODUCTS_DIR; };
		C4CDE9AA26A9A8AA00CE9CEC /* ModularizationStudyUITests.swift */ = {isa = PBXFileReference; lastKnownFileType = sourcecode.swift; path = ModularizationStudyUITests.swift; sourceTree = "<group>"; };
		C4CDE9AC26A9A8AB00CE9CEC /* Info.plist */ = {isa = PBXFileReference; lastKnownFileType = text.plist.xml; path = Info.plist; sourceTree = "<group>"; };
/* End PBXFileReference section */

/* Begin PBXFrameworksBuildPhase section */
		C4CDE98226A9A8A700CE9CEC /* Frameworks */ = {
			isa = PBXFrameworksBuildPhase;
			buildActionMask = 2147483647;
			files = (
				E559C91CF9152B9760FAD4F6 /* Pods_ModularizationStudy.framework in Frameworks */,
			);
			runOnlyForDeploymentPostprocessing = 0;
		};
		C4CDE99826A9A8AA00CE9CEC /* Frameworks */ = {
			isa = PBXFrameworksBuildPhase;
			buildActionMask = 2147483647;
			files = (
				69CA06DEB9BB846AB2C56563 /* Pods_ModularizationStudyTests.framework in Frameworks */,
			);
			runOnlyForDeploymentPostprocessing = 0;
		};
		C4CDE9A326A9A8AA00CE9CEC /* Frameworks */ = {
			isa = PBXFrameworksBuildPhase;
			buildActionMask = 2147483647;
			files = (
				823AB09B1E0D2160582BD0E5 /* Pods_ModularizationStudy_ModularizationStudyUITests.framework in Frameworks */,
			);
			runOnlyForDeploymentPostprocessing = 0;
		};
/* End PBXFrameworksBuildPhase section */

/* Begin PBXGroup section */
		07754295F8F8495EEF2FE4CA /* Pods */ = {
			isa = PBXGroup;
			children = (
				4B7CD99C2F7E1009B8AC36ED /* Pods-ModularizationStudy.debug.xcconfig */,
				94DC6F94C1E512F949C45225 /* Pods-ModularizationStudy.release.xcconfig */,
				B8C483DBA70DDC8453606708 /* Pods-ModularizationStudy-ModularizationStudyUITests.debug.xcconfig */,
				1EBD390F2AA8AF3EAF9014BE /* Pods-ModularizationStudy-ModularizationStudyUITests.release.xcconfig */,
				2B5100BCDE26F88C737A6DA7 /* Pods-ModularizationStudyTests.debug.xcconfig */,
				A7DE00000CE6C0AE4517E41C /* Pods-ModularizationStudyTests.release.xcconfig */,
			);
			path = Pods;
			sourceTree = "<group>";
		};
		6EC352001DBFBD2444EADA38 /* Frameworks */ = {
			isa = PBXGroup;
			children = (
				103CB5C076462E95F6747817 /* Pods_ModularizationStudy.framework */,
				29C54BB59452494618FD85DB /* Pods_ModularizationStudy_ModularizationStudyUITests.framework */,
				AE5FF06833945CFBD9F05328 /* Pods_ModularizationStudyTests.framework */,
			);
			name = Frameworks;
			sourceTree = "<group>";
		};
		C4CDE97C26A9A8A700CE9CEC = {
			isa = PBXGroup;
			children = (
				C4CDE98726A9A8A700CE9CEC /* ModularizationStudy */,
				C4CDE99E26A9A8AA00CE9CEC /* ModularizationStudyTests */,
				C4CDE9A926A9A8AA00CE9CEC /* ModularizationStudyUITests */,
				C4CDE98626A9A8A700CE9CEC /* Products */,
				07754295F8F8495EEF2FE4CA /* Pods */,
				6EC352001DBFBD2444EADA38 /* Frameworks */,
			);
			sourceTree = "<group>";
		};
		C4CDE98626A9A8A700CE9CEC /* Products */ = {
			isa = PBXGroup;
			children = (
				C4CDE98526A9A8A700CE9CEC /* ModularizationStudy.app */,
				C4CDE99B26A9A8AA00CE9CEC /* ModularizationStudyTests.xctest */,
				C4CDE9A626A9A8AA00CE9CEC /* ModularizationStudyUITests.xctest */,
			);
			name = Products;
			sourceTree = "<group>";
		};
		C4CDE98726A9A8A700CE9CEC /* ModularizationStudy */ = {
			isa = PBXGroup;
			children = (
				C4CDE98826A9A8A700CE9CEC /* AppDelegate.swift */,
				C4CDE98C26A9A8A700CE9CEC /* ViewController.swift */,
				C4CDE99126A9A8AA00CE9CEC /* Assets.xcassets */,
				C4CDE99326A9A8AA00CE9CEC /* LaunchScreen.storyboard */,
				C4CDE99626A9A8AA00CE9CEC /* Info.plist */,
			);
			path = ModularizationStudy;
			sourceTree = "<group>";
		};
		C4CDE99E26A9A8AA00CE9CEC /* ModularizationStudyTests */ = {
			isa = PBXGroup;
			children = (
				C4CDE99F26A9A8AA00CE9CEC /* ModularizationStudyTests.swift */,
				C4CDE9A126A9A8AA00CE9CEC /* Info.plist */,
			);
			path = ModularizationStudyTests;
			sourceTree = "<group>";
		};
		C4CDE9A926A9A8AA00CE9CEC /* ModularizationStudyUITests */ = {
			isa = PBXGroup;
			children = (
				C4CDE9AA26A9A8AA00CE9CEC /* ModularizationStudyUITests.swift */,
				C4CDE9AC26A9A8AB00CE9CEC /* Info.plist */,
			);
			path = ModularizationStudyUITests;
			sourceTree = "<group>";
		};
/* End PBXGroup section */

/* Begin PBXNativeTarget section */
		C4CDE98426A9A8A700CE9CEC /* ModularizationStudy */ = {
			isa = PBXNativeTarget;
			buildConfigurationList = C4CDE9AF26A9A8AB00CE9CEC /* Build configuration list for PBXNativeTarget "ModularizationStudy" */;
			buildPhases = (
				A783B7C181188F8453D78F53 /* [CP] Check Pods Manifest.lock */,
				C4CDE98126A9A8A700CE9CEC /* Sources */,
				C4CDE98226A9A8A700CE9CEC /* Frameworks */,
				C4CDE98326A9A8A700CE9CEC /* Resources */,
				40F93B1F297426E6ABE96086 /* [CP] Embed Pods Frameworks */,
			);
			buildRules = (
			);
			dependencies = (
			);
			name = ModularizationStudy;
			productName = ModularizationStudy;
			productReference = C4CDE98526A9A8A700CE9CEC /* ModularizationStudy.app */;
			productType = "com.apple.product-type.application";
		};
		C4CDE99A26A9A8AA00CE9CEC /* ModularizationStudyTests */ = {
			isa = PBXNativeTarget;
			buildConfigurationList = C4CDE9B226A9A8AB00CE9CEC /* Build configuration list for PBXNativeTarget "ModularizationStudyTests" */;
			buildPhases = (
				E05FED0791FE34996449EDBA /* [CP] Check Pods Manifest.lock */,
				C4CDE99726A9A8AA00CE9CEC /* Sources */,
				C4CDE99826A9A8AA00CE9CEC /* Frameworks */,
				C4CDE99926A9A8AA00CE9CEC /* Resources */,
			);
			buildRules = (
			);
			dependencies = (
				C4CDE99D26A9A8AA00CE9CEC /* PBXTargetDependency */,
			);
			name = ModularizationStudyTests;
			productName = ModularizationStudyTests;
			productReference = C4CDE99B26A9A8AA00CE9CEC /* ModularizationStudyTests.xctest */;
			productType = "com.apple.product-type.bundle.unit-test";
		};
		C4CDE9A526A9A8AA00CE9CEC /* ModularizationStudyUITests */ = {
			isa = PBXNativeTarget;
			buildConfigurationList = C4CDE9B526A9A8AB00CE9CEC /* Build configuration list for PBXNativeTarget "ModularizationStudyUITests" */;
			buildPhases = (
				1A8FB1DAF08A35520ECC581A /* [CP] Check Pods Manifest.lock */,
				C4CDE9A226A9A8AA00CE9CEC /* Sources */,
				C4CDE9A326A9A8AA00CE9CEC /* Frameworks */,
				C4CDE9A426A9A8AA00CE9CEC /* Resources */,
				33A4214C6DC53328FD855D25 /* [CP] Embed Pods Frameworks */,
			);
			buildRules = (
			);
			dependencies = (
				C4CDE9A826A9A8AA00CE9CEC /* PBXTargetDependency */,
			);
			name = ModularizationStudyUITests;
			productName = ModularizationStudyUITests;
			productReference = C4CDE9A626A9A8AA00CE9CEC /* ModularizationStudyUITests.xctest */;
			productType = "com.apple.product-type.bundle.ui-testing";
		};
/* End PBXNativeTarget section */

/* Begin PBXProject section */
		C4CDE97D26A9A8A700CE9CEC /* Project object */ = {
			isa = PBXProject;
			attributes = {
				LastSwiftUpdateCheck = 1250;
				LastUpgradeCheck = 1250;
				TargetAttributes = {
					C4CDE98426A9A8A700CE9CEC = {
						CreatedOnToolsVersion = 12.5.1;
					};
					C4CDE99A26A9A8AA00CE9CEC = {
						CreatedOnToolsVersion = 12.5.1;
						TestTargetID = C4CDE98426A9A8A700CE9CEC;
					};
					C4CDE9A526A9A8AA00CE9CEC = {
						CreatedOnToolsVersion = 12.5.1;
						TestTargetID = C4CDE98426A9A8A700CE9CEC;
					};
				};
			};
			buildConfigurationList = C4CDE98026A9A8A700CE9CEC /* Build configuration list for PBXProject "ModularizationStudy" */;
			compatibilityVersion = "Xcode 9.3";
			developmentRegion = en;
			hasScannedForEncodings = 0;
			knownRegions = (
				en,
				Base,
			);
			mainGroup = C4CDE97C26A9A8A700CE9CEC;
			productRefGroup = C4CDE98626A9A8A700CE9CEC /* Products */;
			projectDirPath = "";
			projectRoot = "";
			targets = (
				C4CDE98426A9A8A700CE9CEC /* ModularizationStudy */,
				C4CDE99A26A9A8AA00CE9CEC /* ModularizationStudyTests */,
				C4CDE9A526A9A8AA00CE9CEC /* ModularizationStudyUITests */,
			);
		};
/* End PBXProject section */

/* Begin PBXResourcesBuildPhase section */
		C4CDE98326A9A8A700CE9CEC /* Resources */ = {
			isa = PBXResourcesBuildPhase;
			buildActionMask = 2147483647;
			files = (
				C4CDE99526A9A8AA00CE9CEC /* LaunchScreen.storyboard in Resources */,
				C4CDE99226A9A8AA00CE9CEC /* Assets.xcassets in Resources */,
			);
			runOnlyForDeploymentPostprocessing = 0;
		};
		C4CDE99926A9A8AA00CE9CEC /* Resources */ = {
			isa = PBXResourcesBuildPhase;
			buildActionMask = 2147483647;
			files = (
			);
			runOnlyForDeploymentPostprocessing = 0;
		};
		C4CDE9A426A9A8AA00CE9CEC /* Resources */ = {
			isa = PBXResourcesBuildPhase;
			buildActionMask = 2147483647;
			files = (
			);
			runOnlyForDeploymentPostprocessing = 0;
		};
/* End PBXResourcesBuildPhase section */

/* Begin PBXShellScriptBuildPhase section */
		1A8FB1DAF08A35520ECC581A /* [CP] Check Pods Manifest.lock */ = {
			isa = PBXShellScriptBuildPhase;
			buildActionMask = 2147483647;
			files = (
			);
			inputFileListPaths = (
			);
			inputPaths = (
				"${PODS_PODFILE_DIR_PATH}/Podfile.lock",
				"${PODS_ROOT}/Manifest.lock",
			);
			name = "[CP] Check Pods Manifest.lock";
			outputFileListPaths = (
			);
			outputPaths = (
				"$(DERIVED_FILE_DIR)/Pods-ModularizationStudy-ModularizationStudyUITests-checkManifestLockResult.txt",
			);
			runOnlyForDeploymentPostprocessing = 0;
			shellPath = /bin/sh;
			shellScript = "diff \"${PODS_PODFILE_DIR_PATH}/Podfile.lock\" \"${PODS_ROOT}/Manifest.lock\" > /dev/null\nif [ $? != 0 ] ; then\n    # print error to STDERR\n    echo \"error: The sandbox is not in sync with the Podfile.lock. Run 'pod install' or update your CocoaPods installation.\" >&2\n    exit 1\nfi\n# This output is used by Xcode 'outputs' to avoid re-running this script phase.\necho \"SUCCESS\" > \"${SCRIPT_OUTPUT_FILE_0}\"\n";
			showEnvVarsInLog = 0;
		};
		33A4214C6DC53328FD855D25 /* [CP] Embed Pods Frameworks */ = {
			isa = PBXShellScriptBuildPhase;
			buildActionMask = 2147483647;
			files = (
			);
			inputFileListPaths = (
				"${PODS_ROOT}/Target Support Files/Pods-ModularizationStudy-ModularizationStudyUITests/Pods-ModularizationStudy-ModularizationStudyUITests-frameworks-${CONFIGURATION}-input-files.xcfilelist",
			);
			name = "[CP] Embed Pods Frameworks";
			outputFileListPaths = (
				"${PODS_ROOT}/Target Support Files/Pods-ModularizationStudy-ModularizationStudyUITests/Pods-ModularizationStudy-ModularizationStudyUITests-frameworks-${CONFIGURATION}-output-files.xcfilelist",
			);
			runOnlyForDeploymentPostprocessing = 0;
			shellPath = /bin/sh;
			shellScript = "\"${PODS_ROOT}/Target Support Files/Pods-ModularizationStudy-ModularizationStudyUITests/Pods-ModularizationStudy-ModularizationStudyUITests-frameworks.sh\"\n";
			showEnvVarsInLog = 0;
		};
		40F93B1F297426E6ABE96086 /* [CP] Embed Pods Frameworks */ = {
			isa = PBXShellScriptBuildPhase;
			buildActionMask = 2147483647;
			files = (
			);
			inputFileListPaths = (
				"${PODS_ROOT}/Target Support Files/Pods-ModularizationStudy/Pods-ModularizationStudy-frameworks-${CONFIGURATION}-input-files.xcfilelist",
			);
			name = "[CP] Embed Pods Frameworks";
			outputFileListPaths = (
				"${PODS_ROOT}/Target Support Files/Pods-ModularizationStudy/Pods-ModularizationStudy-frameworks-${CONFIGURATION}-output-files.xcfilelist",
			);
			runOnlyForDeploymentPostprocessing = 0;
			shellPath = /bin/sh;
			shellScript = "\"${PODS_ROOT}/Target Support Files/Pods-ModularizationStudy/Pods-ModularizationStudy-frameworks.sh\"\n";
			showEnvVarsInLog = 0;
		};
		A783B7C181188F8453D78F53 /* [CP] Check Pods Manifest.lock */ = {
			isa = PBXShellScriptBuildPhase;
			buildActionMask = 2147483647;
			files = (
			);
			inputFileListPaths = (
			);
			inputPaths = (
				"${PODS_PODFILE_DIR_PATH}/Podfile.lock",
				"${PODS_ROOT}/Manifest.lock",
			);
			name = "[CP] Check Pods Manifest.lock";
			outputFileListPaths = (
			);
			outputPaths = (
				"$(DERIVED_FILE_DIR)/Pods-ModularizationStudy-checkManifestLockResult.txt",
			);
			runOnlyForDeploymentPostprocessing = 0;
			shellPath = /bin/sh;
			shellScript = "diff \"${PODS_PODFILE_DIR_PATH}/Podfile.lock\" \"${PODS_ROOT}/Manifest.lock\" > /dev/null\nif [ $? != 0 ] ; then\n    # print error to STDERR\n    echo \"error: The sandbox is not in sync with the Podfile.lock. Run 'pod install' or update your CocoaPods installation.\" >&2\n    exit 1\nfi\n# This output is used by Xcode 'outputs' to avoid re-running this script phase.\necho \"SUCCESS\" > \"${SCRIPT_OUTPUT_FILE_0}\"\n";
			showEnvVarsInLog = 0;
		};
		E05FED0791FE34996449EDBA /* [CP] Check Pods Manifest.lock */ = {
			isa = PBXShellScriptBuildPhase;
			buildActionMask = 2147483647;
			files = (
			);
			inputFileListPaths = (
			);
			inputPaths = (
				"${PODS_PODFILE_DIR_PATH}/Podfile.lock",
				"${PODS_ROOT}/Manifest.lock",
			);
			name = "[CP] Check Pods Manifest.lock";
			outputFileListPaths = (
			);
			outputPaths = (
				"$(DERIVED_FILE_DIR)/Pods-ModularizationStudyTests-checkManifestLockResult.txt",
			);
			runOnlyForDeploymentPostprocessing = 0;
			shellPath = /bin/sh;
			shellScript = "diff \"${PODS_PODFILE_DIR_PATH}/Podfile.lock\" \"${PODS_ROOT}/Manifest.lock\" > /dev/null\nif [ $? != 0 ] ; then\n    # print error to STDERR\n    echo \"error: The sandbox is not in sync with the Podfile.lock. Run 'pod install' or update your CocoaPods installation.\" >&2\n    exit 1\nfi\n# This output is used by Xcode 'outputs' to avoid re-running this script phase.\necho \"SUCCESS\" > \"${SCRIPT_OUTPUT_FILE_0}\"\n";
			showEnvVarsInLog = 0;
		};
/* End PBXShellScriptBuildPhase section */

/* Begin PBXSourcesBuildPhase section */
		C4CDE98126A9A8A700CE9CEC /* Sources */ = {
			isa = PBXSourcesBuildPhase;
			buildActionMask = 2147483647;
			files = (
				C4CDE98D26A9A8A700CE9CEC /* ViewController.swift in Sources */,
				C4CDE98926A9A8A700CE9CEC /* AppDelegate.swift in Sources */,
			);
			runOnlyForDeploymentPostprocessing = 0;
		};
		C4CDE99726A9A8AA00CE9CEC /* Sources */ = {
			isa = PBXSourcesBuildPhase;
			buildActionMask = 2147483647;
			files = (
				C4CDE9A026A9A8AA00CE9CEC /* ModularizationStudyTests.swift in Sources */,
			);
			runOnlyForDeploymentPostprocessing = 0;
		};
		C4CDE9A226A9A8AA00CE9CEC /* Sources */ = {
			isa = PBXSourcesBuildPhase;
			buildActionMask = 2147483647;
			files = (
				C4CDE9AB26A9A8AB00CE9CEC /* ModularizationStudyUITests.swift in Sources */,
			);
			runOnlyForDeploymentPostprocessing = 0;
		};
/* End PBXSourcesBuildPhase section */

/* Begin PBXTargetDependency section */
		C4CDE99D26A9A8AA00CE9CEC /* PBXTargetDependency */ = {
			isa = PBXTargetDependency;
			target = C4CDE98426A9A8A700CE9CEC /* ModularizationStudy */;
			targetProxy = C4CDE99C26A9A8AA00CE9CEC /* PBXContainerItemProxy */;
		};
		C4CDE9A826A9A8AA00CE9CEC /* PBXTargetDependency */ = {
			isa = PBXTargetDependency;
			target = C4CDE98426A9A8A700CE9CEC /* ModularizationStudy */;
			targetProxy = C4CDE9A726A9A8AA00CE9CEC /* PBXContainerItemProxy */;
		};
/* End PBXTargetDependency section */

/* Begin PBXVariantGroup section */
		C4CDE99326A9A8AA00CE9CEC /* LaunchScreen.storyboard */ = {
			isa = PBXVariantGroup;
			children = (
				C4CDE99426A9A8AA00CE9CEC /* Base */,
			);
			name = LaunchScreen.storyboard;
			sourceTree = "<group>";
		};
/* End PBXVariantGroup section */

/* Begin XCBuildConfiguration section */
		C4CDE9AD26A9A8AB00CE9CEC /* Debug */ = {
			isa = XCBuildConfiguration;
			buildSettings = {
				ALWAYS_SEARCH_USER_PATHS = NO;
				CLANG_ANALYZER_NONNULL = YES;
				CLANG_ANALYZER_NUMBER_OBJECT_CONVERSION = YES_AGGRESSIVE;
				CLANG_CXX_LANGUAGE_STANDARD = "gnu++14";
				CLANG_CXX_LIBRARY = "libc++";
				CLANG_ENABLE_MODULES = YES;
				CLANG_ENABLE_OBJC_ARC = YES;
				CLANG_ENABLE_OBJC_WEAK = YES;
				CLANG_WARN_BLOCK_CAPTURE_AUTORELEASING = YES;
				CLANG_WARN_BOOL_CONVERSION = YES;
				CLANG_WARN_COMMA = YES;
				CLANG_WARN_CONSTANT_CONVERSION = YES;
				CLANG_WARN_DEPRECATED_OBJC_IMPLEMENTATIONS = YES;
				CLANG_WARN_DIRECT_OBJC_ISA_USAGE = YES_ERROR;
				CLANG_WARN_DOCUMENTATION_COMMENTS = YES;
				CLANG_WARN_EMPTY_BODY = YES;
				CLANG_WARN_ENUM_CONVERSION = YES;
				CLANG_WARN_INFINITE_RECURSION = YES;
				CLANG_WARN_INT_CONVERSION = YES;
				CLANG_WARN_NON_LITERAL_NULL_CONVERSION = YES;
				CLANG_WARN_OBJC_IMPLICIT_RETAIN_SELF = YES;
				CLANG_WARN_OBJC_LITERAL_CONVERSION = YES;
				CLANG_WARN_OBJC_ROOT_CLASS = YES_ERROR;
				CLANG_WARN_QUOTED_INCLUDE_IN_FRAMEWORK_HEADER = YES;
				CLANG_WARN_RANGE_LOOP_ANALYSIS = YES;
				CLANG_WARN_STRICT_PROTOTYPES = YES;
				CLANG_WARN_SUSPICIOUS_MOVE = YES;
				CLANG_WARN_UNGUARDED_AVAILABILITY = YES_AGGRESSIVE;
				CLANG_WARN_UNREACHABLE_CODE = YES;
				CLANG_WARN__DUPLICATE_METHOD_MATCH = YES;
				COPY_PHASE_STRIP = NO;
				DEBUG_INFORMATION_FORMAT = dwarf;
				ENABLE_STRICT_OBJC_MSGSEND = YES;
				ENABLE_TESTABILITY = YES;
				GCC_C_LANGUAGE_STANDARD = gnu11;
				GCC_DYNAMIC_NO_PIC = NO;
				GCC_NO_COMMON_BLOCKS = YES;
				GCC_OPTIMIZATION_LEVEL = 0;
				GCC_PREPROCESSOR_DEFINITIONS = (
					"DEBUG=1",
					"$(inherited)",
				);
				GCC_WARN_64_TO_32_BIT_CONVERSION = YES;
				GCC_WARN_ABOUT_RETURN_TYPE = YES_ERROR;
				GCC_WARN_UNDECLARED_SELECTOR = YES;
				GCC_WARN_UNINITIALIZED_AUTOS = YES_AGGRESSIVE;
				GCC_WARN_UNUSED_FUNCTION = YES;
				GCC_WARN_UNUSED_VARIABLE = YES;
				IPHONEOS_DEPLOYMENT_TARGET = 13.0;
				MTL_ENABLE_DEBUG_INFO = INCLUDE_SOURCE;
				MTL_FAST_MATH = YES;
				ONLY_ACTIVE_ARCH = YES;
				SDKROOT = iphoneos;
				SWIFT_ACTIVE_COMPILATION_CONDITIONS = DEBUG;
				SWIFT_OPTIMIZATION_LEVEL = "-Onone";
			};
			name = Debug;
		};
		C4CDE9AE26A9A8AB00CE9CEC /* Release */ = {
			isa = XCBuildConfiguration;
			buildSettings = {
				ALWAYS_SEARCH_USER_PATHS = NO;
				CLANG_ANALYZER_NONNULL = YES;
				CLANG_ANALYZER_NUMBER_OBJECT_CONVERSION = YES_AGGRESSIVE;
				CLANG_CXX_LANGUAGE_STANDARD = "gnu++14";
				CLANG_CXX_LIBRARY = "libc++";
				CLANG_ENABLE_MODULES = YES;
				CLANG_ENABLE_OBJC_ARC = YES;
				CLANG_ENABLE_OBJC_WEAK = YES;
				CLANG_WARN_BLOCK_CAPTURE_AUTORELEASING = YES;
				CLANG_WARN_BOOL_CONVERSION = YES;
				CLANG_WARN_COMMA = YES;
				CLANG_WARN_CONSTANT_CONVERSION = YES;
				CLANG_WARN_DEPRECATED_OBJC_IMPLEMENTATIONS = YES;
				CLANG_WARN_DIRECT_OBJC_ISA_USAGE = YES_ERROR;
				CLANG_WARN_DOCUMENTATION_COMMENTS = YES;
				CLANG_WARN_EMPTY_BODY = YES;
				CLANG_WARN_ENUM_CONVERSION = YES;
				CLANG_WARN_INFINITE_RECURSION = YES;
				CLANG_WARN_INT_CONVERSION = YES;
				CLANG_WARN_NON_LITERAL_NULL_CONVERSION = YES;
				CLANG_WARN_OBJC_IMPLICIT_RETAIN_SELF = YES;
				CLANG_WARN_OBJC_LITERAL_CONVERSION = YES;
				CLANG_WARN_OBJC_ROOT_CLASS = YES_ERROR;
				CLANG_WARN_QUOTED_INCLUDE_IN_FRAMEWORK_HEADER = YES;
				CLANG_WARN_RANGE_LOOP_ANALYSIS = YES;
				CLANG_WARN_STRICT_PROTOTYPES = YES;
				CLANG_WARN_SUSPICIOUS_MOVE = YES;
				CLANG_WARN_UNGUARDED_AVAILABILITY = YES_AGGRESSIVE;
				CLANG_WARN_UNREACHABLE_CODE = YES;
				CLANG_WARN__DUPLICATE_METHOD_MATCH = YES;
				COPY_PHASE_STRIP = NO;
				DEBUG_INFORMATION_FORMAT = "dwarf-with-dsym";
				ENABLE_NS_ASSERTIONS = NO;
				ENABLE_STRICT_OBJC_MSGSEND = YES;
				GCC_C_LANGUAGE_STANDARD = gnu11;
				GCC_NO_COMMON_BLOCKS = YES;
				GCC_WARN_64_TO_32_BIT_CONVERSION = YES;
				GCC_WARN_ABOUT_RETURN_TYPE = YES_ERROR;
				GCC_WARN_UNDECLARED_SELECTOR = YES;
				GCC_WARN_UNINITIALIZED_AUTOS = YES_AGGRESSIVE;
				GCC_WARN_UNUSED_FUNCTION = YES;
				GCC_WARN_UNUSED_VARIABLE = YES;
				IPHONEOS_DEPLOYMENT_TARGET = 13.0;
				MTL_ENABLE_DEBUG_INFO = NO;
				MTL_FAST_MATH = YES;
				SDKROOT = iphoneos;
				SWIFT_COMPILATION_MODE = wholemodule;
				SWIFT_OPTIMIZATION_LEVEL = "-O";
				VALIDATE_PRODUCT = YES;
			};
			name = Release;
		};
		C4CDE9B026A9A8AB00CE9CEC /* Debug */ = {
			isa = XCBuildConfiguration;
			baseConfigurationReference = 4B7CD99C2F7E1009B8AC36ED /* Pods-ModularizationStudy.debug.xcconfig */;
			buildSettings = {
				ASSETCATALOG_COMPILER_APPICON_NAME = AppIcon;
				ASSETCATALOG_COMPILER_GLOBAL_ACCENT_COLOR_NAME = AccentColor;
				CODE_SIGN_STYLE = Automatic;
				DEVELOPMENT_TEAM = "";
				INFOPLIST_FILE = ModularizationStudy/Info.plist;
				LD_RUNPATH_SEARCH_PATHS = (
					"$(inherited)",
					"@executable_path/Frameworks",
				);
				PRODUCT_BUNDLE_IDENTIFIER = br.com.joaoduartemariucio.modularizationstudy;
				PRODUCT_NAME = "$(TARGET_NAME)";
				SWIFT_VERSION = 5.0;
				TARGETED_DEVICE_FAMILY = "1,2";
			};
			name = Debug;
		};
		C4CDE9B126A9A8AB00CE9CEC /* Release */ = {
			isa = XCBuildConfiguration;
			baseConfigurationReference = 94DC6F94C1E512F949C45225 /* Pods-ModularizationStudy.release.xcconfig */;
			buildSettings = {
				ASSETCATALOG_COMPILER_APPICON_NAME = AppIcon;
				ASSETCATALOG_COMPILER_GLOBAL_ACCENT_COLOR_NAME = AccentColor;
				CODE_SIGN_STYLE = Automatic;
				DEVELOPMENT_TEAM = "";
				INFOPLIST_FILE = ModularizationStudy/Info.plist;
				LD_RUNPATH_SEARCH_PATHS = (
					"$(inherited)",
					"@executable_path/Frameworks",
				);
				PRODUCT_BUNDLE_IDENTIFIER = br.com.joaoduartemariucio.modularizationstudy;
				PRODUCT_NAME = "$(TARGET_NAME)";
				SWIFT_VERSION = 5.0;
				TARGETED_DEVICE_FAMILY = "1,2";
			};
			name = Release;
		};
		C4CDE9B326A9A8AB00CE9CEC /* Debug */ = {
			isa = XCBuildConfiguration;
			baseConfigurationReference = 2B5100BCDE26F88C737A6DA7 /* Pods-ModularizationStudyTests.debug.xcconfig */;
			buildSettings = {
				ALWAYS_EMBED_SWIFT_STANDARD_LIBRARIES = YES;
				BUNDLE_LOADER = "$(TEST_HOST)";
				CODE_SIGN_STYLE = Automatic;
				DEVELOPMENT_TEAM = 534P4F9R6Y;
				INFOPLIST_FILE = ModularizationStudyTests/Info.plist;
				IPHONEOS_DEPLOYMENT_TARGET = 14.5;
				LD_RUNPATH_SEARCH_PATHS = (
					"$(inherited)",
					"@executable_path/Frameworks",
					"@loader_path/Frameworks",
				);
				PRODUCT_BUNDLE_IDENTIFIER = br.com.joaoduartemariucio.ModularizationStudyTests;
				PRODUCT_NAME = "$(TARGET_NAME)";
				SWIFT_VERSION = 5.0;
				TARGETED_DEVICE_FAMILY = "1,2";
				TEST_HOST = "$(BUILT_PRODUCTS_DIR)/ModularizationStudy.app/ModularizationStudy";
			};
			name = Debug;
		};
		C4CDE9B426A9A8AB00CE9CEC /* Release */ = {
			isa = XCBuildConfiguration;
			baseConfigurationReference = A7DE00000CE6C0AE4517E41C /* Pods-ModularizationStudyTests.release.xcconfig */;
			buildSettings = {
				ALWAYS_EMBED_SWIFT_STANDARD_LIBRARIES = YES;
				BUNDLE_LOADER = "$(TEST_HOST)";
				CODE_SIGN_STYLE = Automatic;
				DEVELOPMENT_TEAM = 534P4F9R6Y;
				INFOPLIST_FILE = ModularizationStudyTests/Info.plist;
				IPHONEOS_DEPLOYMENT_TARGET = 14.5;
				LD_RUNPATH_SEARCH_PATHS = (
					"$(inherited)",
					"@executable_path/Frameworks",
					"@loader_path/Frameworks",
				);
				PRODUCT_BUNDLE_IDENTIFIER = br.com.joaoduartemariucio.ModularizationStudyTests;
				PRODUCT_NAME = "$(TARGET_NAME)";
				SWIFT_VERSION = 5.0;
				TARGETED_DEVICE_FAMILY = "1,2";
				TEST_HOST = "$(BUILT_PRODUCTS_DIR)/ModularizationStudy.app/ModularizationStudy";
			};
			name = Release;
		};
		C4CDE9B626A9A8AB00CE9CEC /* Debug */ = {
			isa = XCBuildConfiguration;
			baseConfigurationReference = B8C483DBA70DDC8453606708 /* Pods-ModularizationStudy-ModularizationStudyUITests.debug.xcconfig */;
			buildSettings = {
				ALWAYS_EMBED_SWIFT_STANDARD_LIBRARIES = YES;
				CODE_SIGN_STYLE = Automatic;
				DEVELOPMENT_TEAM = 534P4F9R6Y;
				INFOPLIST_FILE = ModularizationStudyUITests/Info.plist;
				LD_RUNPATH_SEARCH_PATHS = (
					"$(inherited)",
					"@executable_path/Frameworks",
					"@loader_path/Frameworks",
				);
				PRODUCT_BUNDLE_IDENTIFIER = br.com.joaoduartemariucio.ModularizationStudyUITests;
				PRODUCT_NAME = "$(TARGET_NAME)";
				SWIFT_VERSION = 5.0;
				TARGETED_DEVICE_FAMILY = "1,2";
				TEST_TARGET_NAME = ModularizationStudy;
			};
			name = Debug;
		};
		C4CDE9B726A9A8AB00CE9CEC /* Release */ = {
			isa = XCBuildConfiguration;
			baseConfigurationReference = 1EBD390F2AA8AF3EAF9014BE /* Pods-ModularizationStudy-ModularizationStudyUITests.release.xcconfig */;
			buildSettings = {
				ALWAYS_EMBED_SWIFT_STANDARD_LIBRARIES = YES;
				CODE_SIGN_STYLE = Automatic;
				DEVELOPMENT_TEAM = 534P4F9R6Y;
				INFOPLIST_FILE = ModularizationStudyUITests/Info.plist;
				LD_RUNPATH_SEARCH_PATHS = (
					"$(inherited)",
					"@executable_path/Frameworks",
					"@loader_path/Frameworks",
				);
				PRODUCT_BUNDLE_IDENTIFIER = br.com.joaoduartemariucio.ModularizationStudyUITests;
				PRODUCT_NAME = "$(TARGET_NAME)";
				SWIFT_VERSION = 5.0;
				TARGETED_DEVICE_FAMILY = "1,2";
				TEST_TARGET_NAME = ModularizationStudy;
			};
			name = Release;
		};
/* End XCBuildConfiguration section */

/* Begin XCConfigurationList section */
		C4CDE98026A9A8A700CE9CEC /* Build configuration list for PBXProject "ModularizationStudy" */ = {
			isa = XCConfigurationList;
			buildConfigurations = (
				C4CDE9AD26A9A8AB00CE9CEC /* Debug */,
				C4CDE9AE26A9A8AB00CE9CEC /* Release */,
			);
			defaultConfigurationIsVisible = 0;
			defaultConfigurationName = Release;
		};
		C4CDE9AF26A9A8AB00CE9CEC /* Build configuration list for PBXNativeTarget "ModularizationStudy" */ = {
			isa = XCConfigurationList;
			buildConfigurations = (
				C4CDE9B026A9A8AB00CE9CEC /* Debug */,
				C4CDE9B126A9A8AB00CE9CEC /* Release */,
			);
			defaultConfigurationIsVisible = 0;
			defaultConfigurationName = Release;
		};
		C4CDE9B226A9A8AB00CE9CEC /* Build configuration list for PBXNativeTarget "ModularizationStudyTests" */ = {
			isa = XCConfigurationList;
			buildConfigurations = (
				C4CDE9B326A9A8AB00CE9CEC /* Debug */,
				C4CDE9B426A9A8AB00CE9CEC /* Release */,
			);
			defaultConfigurationIsVisible = 0;
			defaultConfigurationName = Release;
		};
		C4CDE9B526A9A8AB00CE9CEC /* Build configuration list for PBXNativeTarget "ModularizationStudyUITests" */ = {
			isa = XCConfigurationList;
			buildConfigurations = (
				C4CDE9B626A9A8AB00CE9CEC /* Debug */,
				C4CDE9B726A9A8AB00CE9CEC /* Release */,
			);
			defaultConfigurationIsVisible = 0;
			defaultConfigurationName = Release;
		};
/* End XCConfigurationList section */
	};
	rootObject = C4CDE97D26A9A8A700CE9CEC /* Project object */;
}
