PODS:
  - CommonUtilities (1.3.3):
    - CommonUtilities/Classes (= 1.3.3)
    - CommonUtilities/Extensions (= 1.3.3)
    - CommonUtilities/Utils (= 1.3.3)
  - CommonUtilities/Classes (1.3.3)
  - CommonUtilities/Extensions (1.3.3):
    - Nuke (= 9.5.0)
  - CommonUtilities/Utils (1.3.3)
  - Nuke (9.5.0)

DEPENDENCIES:
  - CommonUtilities

SPEC REPOS:
  https://github.com/CocoaPods/Specs.git:
    - Nuke
  https://github.com/joaoduartemariucio/my-portfolio-specs:
    - CommonUtilities

SPEC CHECKSUMS:
  CommonUtilities: 8b43619348b5d1647304966fc788592adf6a2116
  Nuke: 6f400a4ea957e09149ec335a3c6acdcc814d89e4

PODFILE CHECKSUM: c6627a3c90f5d6dfb9b167800c5c110426d9855e

COCOAPODS: 1.10.1
